
Microsoft Visual Studio Solution File, Format Version 12.00
# Visual Studio Version 17
VisualStudioVersion = 17.10.35122.118
MinimumVisualStudioVersion = 10.0.40219.1
Project("{FAE04EC0-301F-11D3-BF4B-00C04F79EFBC}") = "CodeAlpha_Project_BookLibrary", "CodeAlpha_Project_BookLibrary\CodeAlpha_Project_BookLibrary.csproj", "{9C1801E8-4A13-4A20-95BC-C89F137AC40D}"
EndProject
Global
	GlobalSection(SolutionConfigurationPlatforms) = preSolution
		Debug|Any CPU = Debug|Any CPU
		Release|Any CPU = Release|Any CPU
	EndGlobalSection
	GlobalSection(ProjectConfigurationPlatforms) = postSolution
		{9C1801E8-4A13-4A20-95BC-C89F137AC40D}.Debug|Any CPU.ActiveCfg = Debug|Any CPU
		{9C1801E8-4A13-4A20-95BC-C89F137AC40D}.Debug|Any CPU.Build.0 = Debug|Any CPU
		{9C1801E8-4A13-4A20-95BC-C89F137AC40D}.Release|Any CPU.ActiveCfg = Release|Any CPU
		{9C1801E8-4A13-4A20-95BC-C89F137AC40D}.Release|Any CPU.Build.0 = Release|Any CPU
	EndGlobalSection
	GlobalSection(SolutionProperties) = preSolution
		HideSolutionNode = FALSE
	EndGlobalSection
	GlobalSection(ExtensibilityGlobals) = postSolution
		SolutionGuid = {AC0FA295-4F01-4C33-A01C-C297046EA9DF}
	EndGlobalSection
EndGlobal
